// !$*UTF8*$!
{
	archiveVersion = 1;
	classes = {
	};
	objectVersion = 50;
	objects = {

/* Begin PBXBuildFile section */
		05968D958F23E394596D13F1 /* Pods_GithubRepoLists.framework in Frameworks */ = {isa = PBXBuildFile; fileRef = 440AA2D504B8EF3134F46811 /* Pods_GithubRepoLists.framework */; };
		0D780577780DB7D425C55AC7 /* Pods_GithubRepoListsTests.framework in Frameworks */ = {isa = PBXBuildFile; fileRef = C311DBAF591F7DEF62D6E63D /* Pods_GithubRepoListsTests.framework */; };
		A4685DEB224BE12500A062B6 /* GithubService.swift in Sources */ = {isa = PBXBuildFile; fileRef = A4685DEA224BE12500A062B6 /* GithubService.swift */; };
		ED50466D22444314002CBAB8 /* AppDelegate.swift in Sources */ = {isa = PBXBuildFile; fileRef = ED50466C22444314002CBAB8 /* AppDelegate.swift */; };
		ED50466F22444314002CBAB8 /* ViewController.swift in Sources */ = {isa = PBXBuildFile; fileRef = ED50466E22444314002CBAB8 /* ViewController.swift */; };
		ED50467422444316002CBAB8 /* Assets.xcassets in Resources */ = {isa = PBXBuildFile; fileRef = ED50467322444316002CBAB8 /* Assets.xcassets */; };
		ED50468222444316002CBAB8 /* GithubRepoListsTests.swift in Sources */ = {isa = PBXBuildFile; fileRef = ED50468122444316002CBAB8 /* GithubRepoListsTests.swift */; };
		EDFC489A22497E080008822E /* GithubServiceTests.swift in Sources */ = {isa = PBXBuildFile; fileRef = EDFC489922497E080008822E /* GithubServiceTests.swift */; };
/* End PBXBuildFile section */

/* Begin PBXContainerItemProxy section */
		ED50467E22444316002CBAB8 /* PBXContainerItemProxy */ = {
			isa = PBXContainerItemProxy;
			containerPortal = ED50466122444314002CBAB8 /* Project object */;
			proxyType = 1;
			remoteGlobalIDString = ED50466822444314002CBAB8;
			remoteInfo = GithubRepoLists;
		};
/* End PBXContainerItemProxy section */

/* Begin PBXFileReference section */
		26FEB3916F97AD965E99BD0E /* Pods-GithubRepoLists.release.xcconfig */ = {isa = PBXFileReference; includeInIndex = 1; lastKnownFileType = text.xcconfig; name = "Pods-GithubRepoLists.release.xcconfig"; path = "Pods/Target Support Files/Pods-GithubRepoLists/Pods-GithubRepoLists.release.xcconfig"; sourceTree = "<group>"; };
		440AA2D504B8EF3134F46811 /* Pods_GithubRepoLists.framework */ = {isa = PBXFileReference; explicitFileType = wrapper.framework; includeInIndex = 0; path = Pods_GithubRepoLists.framework; sourceTree = BUILT_PRODUCTS_DIR; };
		4CF15B86EF18C90F20A8866C /* Pods-GithubRepoListsTests.debug.xcconfig */ = {isa = PBXFileReference; includeInIndex = 1; lastKnownFileType = text.xcconfig; name = "Pods-GithubRepoListsTests.debug.xcconfig"; path = "Pods/Target Support Files/Pods-GithubRepoListsTests/Pods-GithubRepoListsTests.debug.xcconfig"; sourceTree = "<group>"; };
		A4685DEA224BE12500A062B6 /* GithubService.swift */ = {isa = PBXFileReference; lastKnownFileType = sourcecode.swift; path = GithubService.swift; sourceTree = "<group>"; };
		A83A595355E86FE2CF18EBC2 /* Pods-GithubRepoListsTests.release.xcconfig */ = {isa = PBXFileReference; includeInIndex = 1; lastKnownFileType = text.xcconfig; name = "Pods-GithubRepoListsTests.release.xcconfig"; path = "Pods/Target Support Files/Pods-GithubRepoListsTests/Pods-GithubRepoListsTests.release.xcconfig"; sourceTree = "<group>"; };
		C311DBAF591F7DEF62D6E63D /* Pods_GithubRepoListsTests.framework */ = {isa = PBXFileReference; explicitFileType = wrapper.framework; includeInIndex = 0; path = Pods_GithubRepoListsTests.framework; sourceTree = BUILT_PRODUCTS_DIR; };
		ED2D8719543BA2A2345D90DD /* Pods-GithubRepoLists.debug.xcconfig */ = {isa = PBXFileReference; includeInIndex = 1; lastKnownFileType = text.xcconfig; name = "Pods-GithubRepoLists.debug.xcconfig"; path = "Pods/Target Support Files/Pods-GithubRepoLists/Pods-GithubRepoLists.debug.xcconfig"; sourceTree = "<group>"; };
		ED50466922444314002CBAB8 /* GithubRepoLists.app */ = {isa = PBXFileReference; explicitFileType = wrapper.application; includeInIndex = 0; path = GithubRepoLists.app; sourceTree = BUILT_PRODUCTS_DIR; };
		ED50466C22444314002CBAB8 /* AppDelegate.swift */ = {isa = PBXFileReference; lastKnownFileType = sourcecode.swift; path = AppDelegate.swift; sourceTree = "<group>"; };
		ED50466E22444314002CBAB8 /* ViewController.swift */ = {isa = PBXFileReference; lastKnownFileType = sourcecode.swift; path = ViewController.swift; sourceTree = "<group>"; };
		ED50467322444316002CBAB8 /* Assets.xcassets */ = {isa = PBXFileReference; lastKnownFileType = folder.assetcatalog; path = Assets.xcassets; sourceTree = "<group>"; };
		ED50467822444316002CBAB8 /* Info.plist */ = {isa = PBXFileReference; lastKnownFileType = text.plist.xml; path = Info.plist; sourceTree = "<group>"; };
		ED50467D22444316002CBAB8 /* GithubRepoListsTests.xctest */ = {isa = PBXFileReference; explicitFileType = wrapper.cfbundle; includeInIndex = 0; path = GithubRepoListsTests.xctest; sourceTree = BUILT_PRODUCTS_DIR; };
		ED50468122444316002CBAB8 /* GithubRepoListsTests.swift */ = {isa = PBXFileReference; lastKnownFileType = sourcecode.swift; path = GithubRepoListsTests.swift; sourceTree = "<group>"; };
		ED50468322444316002CBAB8 /* Info.plist */ = {isa = PBXFileReference; lastKnownFileType = text.plist.xml; path = Info.plist; sourceTree = "<group>"; };
		EDFC489922497E080008822E /* GithubServiceTests.swift */ = {isa = PBXFileReference; lastKnownFileType = sourcecode.swift; path = GithubServiceTests.swift; sourceTree = "<group>"; };
/* End PBXFileReference section */

/* Begin PBXFrameworksBuildPhase section */
		ED50466622444314002CBAB8 /* Frameworks */ = {
			isa = PBXFrameworksBuildPhase;
			buildActionMask = 2147483647;
			files = (
				05968D958F23E394596D13F1 /* Pods_GithubRepoLists.framework in Frameworks */,
			);
			runOnlyForDeploymentPostprocessing = 0;
		};
		ED50467A22444316002CBAB8 /* Frameworks */ = {
			isa = PBXFrameworksBuildPhase;
			buildActionMask = 2147483647;
			files = (
				0D780577780DB7D425C55AC7 /* Pods_GithubRepoListsTests.framework in Frameworks */,
			);
			runOnlyForDeploymentPostprocessing = 0;
		};
/* End PBXFrameworksBuildPhase section */

/* Begin PBXGroup section */
		5B16CD91C59C7B1E073C62AA /* Pods */ = {
			isa = PBXGroup;
			children = (
				ED2D8719543BA2A2345D90DD /* Pods-GithubRepoLists.debug.xcconfig */,
				26FEB3916F97AD965E99BD0E /* Pods-GithubRepoLists.release.xcconfig */,
				4CF15B86EF18C90F20A8866C /* Pods-GithubRepoListsTests.debug.xcconfig */,
				A83A595355E86FE2CF18EBC2 /* Pods-GithubRepoListsTests.release.xcconfig */,
			);
			name = Pods;
			sourceTree = "<group>";
		};
		6DB2673DF03F8E2356E0D178 /* Frameworks */ = {
			isa = PBXGroup;
			children = (
				440AA2D504B8EF3134F46811 /* Pods_GithubRepoLists.framework */,
				C311DBAF591F7DEF62D6E63D /* Pods_GithubRepoListsTests.framework */,
			);
			name = Frameworks;
			sourceTree = "<group>";
		};
		ED50466022444314002CBAB8 = {
			isa = PBXGroup;
			children = (
				ED50466B22444314002CBAB8 /* GithubRepoLists */,
				ED50468022444316002CBAB8 /* GithubRepoListsTests */,
				ED50466A22444314002CBAB8 /* Products */,
				5B16CD91C59C7B1E073C62AA /* Pods */,
				6DB2673DF03F8E2356E0D178 /* Frameworks */,
			);
			sourceTree = "<group>";
		};
		ED50466A22444314002CBAB8 /* Products */ = {
			isa = PBXGroup;
			children = (
				ED50466922444314002CBAB8 /* GithubRepoLists.app */,
				ED50467D22444316002CBAB8 /* GithubRepoListsTests.xctest */,
			);
			name = Products;
			sourceTree = "<group>";
		};
		ED50466B22444314002CBAB8 /* GithubRepoLists */ = {
			isa = PBXGroup;
			children = (
				ED50466C22444314002CBAB8 /* AppDelegate.swift */,
				ED50466E22444314002CBAB8 /* ViewController.swift */,
				A4685DEA224BE12500A062B6 /* GithubService.swift */,
				ED50467322444316002CBAB8 /* Assets.xcassets */,
				ED50467822444316002CBAB8 /* Info.plist */,
			);
			path = GithubRepoLists;
			sourceTree = "<group>";
		};
		ED50468022444316002CBAB8 /* GithubRepoListsTests */ = {
			isa = PBXGroup;
			children = (
				ED50468122444316002CBAB8 /* GithubRepoListsTests.swift */,
				ED50468322444316002CBAB8 /* Info.plist */,
				EDFC489922497E080008822E /* GithubServiceTests.swift */,
			);
			path = GithubRepoListsTests;
			sourceTree = "<group>";
		};
/* End PBXGroup section */

/* Begin PBXNativeTarget section */
		ED50466822444314002CBAB8 /* GithubRepoLists */ = {
			isa = PBXNativeTarget;
			buildConfigurationList = ED50468622444316002CBAB8 /* Build configuration list for PBXNativeTarget "GithubRepoLists" */;
			buildPhases = (
				42E366D9F51990ECE78F28BE /* [CP] Check Pods Manifest.lock */,
				ED50466522444314002CBAB8 /* Sources */,
				ED50466622444314002CBAB8 /* Frameworks */,
				ED50466722444314002CBAB8 /* Resources */,
				08FF6546F9B5E377812B5D15 /* [CP] Embed Pods Frameworks */,
			);
			buildRules = (
			);
			dependencies = (
			);
			name = GithubRepoLists;
			productName = GithubRepoLists;
			productReference = ED50466922444314002CBAB8 /* GithubRepoLists.app */;
			productType = "com.apple.product-type.application";
		};
		ED50467C22444316002CBAB8 /* GithubRepoListsTests */ = {
			isa = PBXNativeTarget;
			buildConfigurationList = ED50468922444316002CBAB8 /* Build configuration list for PBXNativeTarget "GithubRepoListsTests" */;
			buildPhases = (
				98079A578C607A9340F0441A /* [CP] Check Pods Manifest.lock */,
				ED50467922444316002CBAB8 /* Sources */,
				ED50467A22444316002CBAB8 /* Frameworks */,
				ED50467B22444316002CBAB8 /* Resources */,
				53B3D187FB11A6E6C0EE1310 /* [CP] Embed Pods Frameworks */,
			);
			buildRules = (
			);
			dependencies = (
				ED50467F22444316002CBAB8 /* PBXTargetDependency */,
			);
			name = GithubRepoListsTests;
			productName = GithubRepoListsTests;
			productReference = ED50467D22444316002CBAB8 /* GithubRepoListsTests.xctest */;
			productType = "com.apple.product-type.bundle.unit-test";
		};
/* End PBXNativeTarget section */

/* Begin PBXProject section */
		ED50466122444314002CBAB8 /* Project object */ = {
			isa = PBXProject;
			attributes = {
				LastSwiftUpdateCheck = 1010;
				LastUpgradeCheck = 1010;
				ORGANIZATIONNAME = Fernando;
				TargetAttributes = {
					ED50466822444314002CBAB8 = {
						CreatedOnToolsVersion = 10.1;
					};
					ED50467C22444316002CBAB8 = {
						CreatedOnToolsVersion = 10.1;
						TestTargetID = ED50466822444314002CBAB8;
					};
				};
			};
			buildConfigurationList = ED50466422444314002CBAB8 /* Build configuration list for PBXProject "GithubRepoLists" */;
			compatibilityVersion = "Xcode 9.3";
			developmentRegion = en;
			hasScannedForEncodings = 0;
			knownRegions = (
				en,
				Base,
			);
			mainGroup = ED50466022444314002CBAB8;
			productRefGroup = ED50466A22444314002CBAB8 /* Products */;
			projectDirPath = "";
			projectRoot = "";
			targets = (
				ED50466822444314002CBAB8 /* GithubRepoLists */,
				ED50467C22444316002CBAB8 /* GithubRepoListsTests */,
			);
		};
/* End PBXProject section */

/* Begin PBXResourcesBuildPhase section */
		ED50466722444314002CBAB8 /* Resources */ = {
			isa = PBXResourcesBuildPhase;
			buildActionMask = 2147483647;
			files = (
				ED50467422444316002CBAB8 /* Assets.xcassets in Resources */,
			);
			runOnlyForDeploymentPostprocessing = 0;
		};
		ED50467B22444316002CBAB8 /* Resources */ = {
			isa = PBXResourcesBuildPhase;
			buildActionMask = 2147483647;
			files = (
			);
			runOnlyForDeploymentPostprocessing = 0;
		};
/* End PBXResourcesBuildPhase section */

/* Begin PBXShellScriptBuildPhase section */
		08FF6546F9B5E377812B5D15 /* [CP] Embed Pods Frameworks */ = {
			isa = PBXShellScriptBuildPhase;
			buildActionMask = 2147483647;
			files = (
			);
			inputPaths = (
				"${SRCROOT}/Pods/Target Support Files/Pods-GithubRepoLists/Pods-GithubRepoLists-frameworks.sh",
				"${BUILT_PRODUCTS_DIR}/RxAtomic/RxAtomic.framework",
				"${BUILT_PRODUCTS_DIR}/RxCocoa/RxCocoa.framework",
				"${BUILT_PRODUCTS_DIR}/RxSwift/RxSwift.framework",
			);
			name = "[CP] Embed Pods Frameworks";
			outputPaths = (
				"${TARGET_BUILD_DIR}/${FRAMEWORKS_FOLDER_PATH}/RxAtomic.framework",
				"${TARGET_BUILD_DIR}/${FRAMEWORKS_FOLDER_PATH}/RxCocoa.framework",
				"${TARGET_BUILD_DIR}/${FRAMEWORKS_FOLDER_PATH}/RxSwift.framework",
			);
			runOnlyForDeploymentPostprocessing = 0;
			shellPath = /bin/sh;
			shellScript = "\"${SRCROOT}/Pods/Target Support Files/Pods-GithubRepoLists/Pods-GithubRepoLists-frameworks.sh\"\n";
			showEnvVarsInLog = 0;
		};
		42E366D9F51990ECE78F28BE /* [CP] Check Pods Manifest.lock */ = {
			isa = PBXShellScriptBuildPhase;
			buildActionMask = 2147483647;
			files = (
			);
			inputPaths = (
				"${PODS_PODFILE_DIR_PATH}/Podfile.lock",
				"${PODS_ROOT}/Manifest.lock",
			);
			name = "[CP] Check Pods Manifest.lock";
			outputPaths = (
				"$(DERIVED_FILE_DIR)/Pods-GithubRepoLists-checkManifestLockResult.txt",
			);
			runOnlyForDeploymentPostprocessing = 0;
			shellPath = /bin/sh;
			shellScript = "diff \"${PODS_PODFILE_DIR_PATH}/Podfile.lock\" \"${PODS_ROOT}/Manifest.lock\" > /dev/null\nif [ $? != 0 ] ; then\n    # print error to STDERR\n    echo \"error: The sandbox is not in sync with the Podfile.lock. Run 'pod install' or update your CocoaPods installation.\" >&2\n    exit 1\nfi\n# This output is used by Xcode 'outputs' to avoid re-running this script phase.\necho \"SUCCESS\" > \"${SCRIPT_OUTPUT_FILE_0}\"\n";
			showEnvVarsInLog = 0;
		};
		53B3D187FB11A6E6C0EE1310 /* [CP] Embed Pods Frameworks */ = {
			isa = PBXShellScriptBuildPhase;
			buildActionMask = 2147483647;
			files = (
			);
			inputPaths = (
				"${SRCROOT}/Pods/Target Support Files/Pods-GithubRepoListsTests/Pods-GithubRepoListsTests-frameworks.sh",
				"${BUILT_PRODUCTS_DIR}/RxAtomic/RxAtomic.framework",
				"${BUILT_PRODUCTS_DIR}/RxSwift/RxSwift.framework",
				"${BUILT_PRODUCTS_DIR}/RxBlocking/RxBlocking.framework",
				"${BUILT_PRODUCTS_DIR}/RxTest/RxTest.framework",
			);
			name = "[CP] Embed Pods Frameworks";
			outputPaths = (
				"${TARGET_BUILD_DIR}/${FRAMEWORKS_FOLDER_PATH}/RxAtomic.framework",
				"${TARGET_BUILD_DIR}/${FRAMEWORKS_FOLDER_PATH}/RxSwift.framework",
				"${TARGET_BUILD_DIR}/${FRAMEWORKS_FOLDER_PATH}/RxBlocking.framework",
				"${TARGET_BUILD_DIR}/${FRAMEWORKS_FOLDER_PATH}/RxTest.framework",
			);
			runOnlyForDeploymentPostprocessing = 0;
			shellPath = /bin/sh;
			shellScript = "\"${SRCROOT}/Pods/Target Support Files/Pods-GithubRepoListsTests/Pods-GithubRepoListsTests-frameworks.sh\"\n";
			showEnvVarsInLog = 0;
		};
		98079A578C607A9340F0441A /* [CP] Check Pods Manifest.lock */ = {
			isa = PBXShellScriptBuildPhase;
			buildActionMask = 2147483647;
			files = (
			);
			inputPaths = (
				"${PODS_PODFILE_DIR_PATH}/Podfile.lock",
				"${PODS_ROOT}/Manifest.lock",
			);
			name = "[CP] Check Pods Manifest.lock";
			outputPaths = (
				"$(DERIVED_FILE_DIR)/Pods-GithubRepoListsTests-checkManifestLockResult.txt",
			);
			runOnlyForDeploymentPostprocessing = 0;
			shellPath = /bin/sh;
			shellScript = "diff \"${PODS_PODFILE_DIR_PATH}/Podfile.lock\" \"${PODS_ROOT}/Manifest.lock\" > /dev/null\nif [ $? != 0 ] ; then\n    # print error to STDERR\n    echo \"error: The sandbox is not in sync with the Podfile.lock. Run 'pod install' or update your CocoaPods installation.\" >&2\n    exit 1\nfi\n# This output is used by Xcode 'outputs' to avoid re-running this script phase.\necho \"SUCCESS\" > \"${SCRIPT_OUTPUT_FILE_0}\"\n";
			showEnvVarsInLog = 0;
		};
/* End PBXShellScriptBuildPhase section */

/* Begin PBXSourcesBuildPhase section */
		ED50466522444314002CBAB8 /* Sources */ = {
			isa = PBXSourcesBuildPhase;
			buildActionMask = 2147483647;
			files = (
				ED50466F22444314002CBAB8 /* ViewController.swift in Sources */,
				ED50466D22444314002CBAB8 /* AppDelegate.swift in Sources */,
				A4685DEB224BE12500A062B6 /* GithubService.swift in Sources */,
			);
			runOnlyForDeploymentPostprocessing = 0;
		};
		ED50467922444316002CBAB8 /* Sources */ = {
			isa = PBXSourcesBuildPhase;
			buildActionMask = 2147483647;
			files = (
				EDFC489A22497E080008822E /* GithubServiceTests.swift in Sources */,
				ED50468222444316002CBAB8 /* GithubRepoListsTests.swift in Sources */,
			);
			runOnlyForDeploymentPostprocessing = 0;
		};
/* End PBXSourcesBuildPhase section */

/* Begin PBXTargetDependency section */
		ED50467F22444316002CBAB8 /* PBXTargetDependency */ = {
			isa = PBXTargetDependency;
			target = ED50466822444314002CBAB8 /* GithubRepoLists */;
			targetProxy = ED50467E22444316002CBAB8 /* PBXContainerItemProxy */;
		};
/* End PBXTargetDependency section */

/* Begin XCBuildConfiguration section */
		ED50468422444316002CBAB8 /* Debug */ = {
			isa = XCBuildConfiguration;
			buildSettings = {
				ALWAYS_SEARCH_USER_PATHS = NO;
				CLANG_ANALYZER_NONNULL = YES;
				CLANG_ANALYZER_NUMBER_OBJECT_CONVERSION = YES_AGGRESSIVE;
				CLANG_CXX_LANGUAGE_STANDARD = "gnu++14";
				CLANG_CXX_LIBRARY = "libc++";
				CLANG_ENABLE_MODULES = YES;
				CLANG_ENABLE_OBJC_ARC = YES;
				CLANG_ENABLE_OBJC_WEAK = YES;
				CLANG_WARN_BLOCK_CAPTURE_AUTORELEASING = YES;
				CLANG_WARN_BOOL_CONVERSION = YES;
				CLANG_WARN_COMMA = YES;
				CLANG_WARN_CONSTANT_CONVERSION = YES;
				CLANG_WARN_DEPRECATED_OBJC_IMPLEMENTATIONS = YES;
				CLANG_WARN_DIRECT_OBJC_ISA_USAGE = YES_ERROR;
				CLANG_WARN_DOCUMENTATION_COMMENTS = YES;
				CLANG_WARN_EMPTY_BODY = YES;
				CLANG_WARN_ENUM_CONVERSION = YES;
				CLANG_WARN_INFINITE_RECURSION = YES;
				CLANG_WARN_INT_CONVERSION = YES;
				CLANG_WARN_NON_LITERAL_NULL_CONVERSION = YES;
				CLANG_WARN_OBJC_IMPLICIT_RETAIN_SELF = YES;
				CLANG_WARN_OBJC_LITERAL_CONVERSION = YES;
				CLANG_WARN_OBJC_ROOT_CLASS = YES_ERROR;
				CLANG_WARN_RANGE_LOOP_ANALYSIS = YES;
				CLANG_WARN_STRICT_PROTOTYPES = YES;
				CLANG_WARN_SUSPICIOUS_MOVE = YES;
				CLANG_WARN_UNGUARDED_AVAILABILITY = YES_AGGRESSIVE;
				CLANG_WARN_UNREACHABLE_CODE = YES;
				CLANG_WARN__DUPLICATE_METHOD_MATCH = YES;
				CODE_SIGN_IDENTITY = "iPhone Developer";
				COPY_PHASE_STRIP = NO;
				DEBUG_INFORMATION_FORMAT = dwarf;
				ENABLE_STRICT_OBJC_MSGSEND = YES;
				ENABLE_TESTABILITY = YES;
				GCC_C_LANGUAGE_STANDARD = gnu11;
				GCC_DYNAMIC_NO_PIC = NO;
				GCC_NO_COMMON_BLOCKS = YES;
				GCC_OPTIMIZATION_LEVEL = 0;
				GCC_PREPROCESSOR_DEFINITIONS = (
					"DEBUG=1",
					"$(inherited)",
				);
				GCC_WARN_64_TO_32_BIT_CONVERSION = YES;
				GCC_WARN_ABOUT_RETURN_TYPE = YES_ERROR;
				GCC_WARN_UNDECLARED_SELECTOR = YES;
				GCC_WARN_UNINITIALIZED_AUTOS = YES_AGGRESSIVE;
				GCC_WARN_UNUSED_FUNCTION = YES;
				GCC_WARN_UNUSED_VARIABLE = YES;
				IPHONEOS_DEPLOYMENT_TARGET = 12.1;
				MTL_ENABLE_DEBUG_INFO = INCLUDE_SOURCE;
				MTL_FAST_MATH = YES;
				ONLY_ACTIVE_ARCH = YES;
				SDKROOT = iphoneos;
				SWIFT_ACTIVE_COMPILATION_CONDITIONS = DEBUG;
				SWIFT_OPTIMIZATION_LEVEL = "-Onone";
			};
			name = Debug;
		};
		ED50468522444316002CBAB8 /* Release */ = {
			isa = XCBuildConfiguration;
			buildSettings = {
				ALWAYS_SEARCH_USER_PATHS = NO;
				CLANG_ANALYZER_NONNULL = YES;
				CLANG_ANALYZER_NUMBER_OBJECT_CONVERSION = YES_AGGRESSIVE;
				CLANG_CXX_LANGUAGE_STANDARD = "gnu++14";
				CLANG_CXX_LIBRARY = "libc++";
				CLANG_ENABLE_MODULES = YES;
				CLANG_ENABLE_OBJC_ARC = YES;
				CLANG_ENABLE_OBJC_WEAK = YES;
				CLANG_WARN_BLOCK_CAPTURE_AUTORELEASING = YES;
				CLANG_WARN_BOOL_CONVERSION = YES;
				CLANG_WARN_COMMA = YES;
				CLANG_WARN_CONSTANT_CONVERSION = YES;
				CLANG_WARN_DEPRECATED_OBJC_IMPLEMENTATIONS = YES;
				CLANG_WARN_DIRECT_OBJC_ISA_USAGE = YES_ERROR;
				CLANG_WARN_DOCUMENTATION_COMMENTS = YES;
				CLANG_WARN_EMPTY_BODY = YES;
				CLANG_WARN_ENUM_CONVERSION = YES;
				CLANG_WARN_INFINITE_RECURSION = YES;
				CLANG_WARN_INT_CONVERSION = YES;
				CLANG_WARN_NON_LITERAL_NULL_CONVERSION = YES;
				CLANG_WARN_OBJC_IMPLICIT_RETAIN_SELF = YES;
				CLANG_WARN_OBJC_LITERAL_CONVERSION = YES;
				CLANG_WARN_OBJC_ROOT_CLASS = YES_ERROR;
				CLANG_WARN_RANGE_LOOP_ANALYSIS = YES;
				CLANG_WARN_STRICT_PROTOTYPES = YES;
				CLANG_WARN_SUSPICIOUS_MOVE = YES;
				CLANG_WARN_UNGUARDED_AVAILABILITY = YES_AGGRESSIVE;
				CLANG_WARN_UNREACHABLE_CODE = YES;
				CLANG_WARN__DUPLICATE_METHOD_MATCH = YES;
				CODE_SIGN_IDENTITY = "iPhone Developer";
				COPY_PHASE_STRIP = NO;
				DEBUG_INFORMATION_FORMAT = "dwarf-with-dsym";
				ENABLE_NS_ASSERTIONS = NO;
				ENABLE_STRICT_OBJC_MSGSEND = YES;
				GCC_C_LANGUAGE_STANDARD = gnu11;
				GCC_NO_COMMON_BLOCKS = YES;
				GCC_WARN_64_TO_32_BIT_CONVERSION = YES;
				GCC_WARN_ABOUT_RETURN_TYPE = YES_ERROR;
				GCC_WARN_UNDECLARED_SELECTOR = YES;
				GCC_WARN_UNINITIALIZED_AUTOS = YES_AGGRESSIVE;
				GCC_WARN_UNUSED_FUNCTION = YES;
				GCC_WARN_UNUSED_VARIABLE = YES;
				IPHONEOS_DEPLOYMENT_TARGET = 12.1;
				MTL_ENABLE_DEBUG_INFO = NO;
				MTL_FAST_MATH = YES;
				SDKROOT = iphoneos;
				SWIFT_COMPILATION_MODE = wholemodule;
				SWIFT_OPTIMIZATION_LEVEL = "-O";
				VALIDATE_PRODUCT = YES;
			};
			name = Release;
		};
		ED50468722444316002CBAB8 /* Debug */ = {
			isa = XCBuildConfiguration;
			baseConfigurationReference = ED2D8719543BA2A2345D90DD /* Pods-GithubRepoLists.debug.xcconfig */;
			buildSettings = {
				ASSETCATALOG_COMPILER_APPICON_NAME = AppIcon;
				CODE_SIGN_STYLE = Automatic;
				DEVELOPMENT_TEAM = ZXBK6BD56X;
				INFOPLIST_FILE = GithubRepoLists/Info.plist;
				LD_RUNPATH_SEARCH_PATHS = (
					"$(inherited)",
					"@executable_path/Frameworks",
				);
				PRODUCT_BUNDLE_IDENTIFIER = M.GithubRepoLists;
				PRODUCT_NAME = "$(TARGET_NAME)";
				SWIFT_VERSION = 4.2;
				TARGETED_DEVICE_FAMILY = "1,2";
			};
			name = Debug;
		};
		ED50468822444316002CBAB8 /* Release */ = {
			isa = XCBuildConfiguration;
			baseConfigurationReference = 26FEB3916F97AD965E99BD0E /* Pods-GithubRepoLists.release.xcconfig */;
			buildSettings = {
				ASSETCATALOG_COMPILER_APPICON_NAME = AppIcon;
				CODE_SIGN_STYLE = Automatic;
				DEVELOPMENT_TEAM = ZXBK6BD56X;
				INFOPLIST_FILE = GithubRepoLists/Info.plist;
				LD_RUNPATH_SEARCH_PATHS = (
					"$(inherited)",
					"@executable_path/Frameworks",
				);
				PRODUCT_BUNDLE_IDENTIFIER = M.GithubRepoLists;
				PRODUCT_NAME = "$(TARGET_NAME)";
				SWIFT_VERSION = 4.2;
				TARGETED_DEVICE_FAMILY = "1,2";
			};
			name = Release;
		};
		ED50468A22444316002CBAB8 /* Debug */ = {
			isa = XCBuildConfiguration;
			baseConfigurationReference = 4CF15B86EF18C90F20A8866C /* Pods-GithubRepoListsTests.debug.xcconfig */;
			buildSettings = {
				ALWAYS_EMBED_SWIFT_STANDARD_LIBRARIES = YES;
				BUNDLE_LOADER = "$(TEST_HOST)";
				CODE_SIGN_STYLE = Automatic;
				DEVELOPMENT_TEAM = ZXBK6BD56X;
				INFOPLIST_FILE = GithubRepoListsTests/Info.plist;
				LD_RUNPATH_SEARCH_PATHS = (
					"$(inherited)",
					"@executable_path/Frameworks",
					"@loader_path/Frameworks",
				);
				PRODUCT_BUNDLE_IDENTIFIER = M.GithubRepoListsTests;
				PRODUCT_NAME = "$(TARGET_NAME)";
				SWIFT_VERSION = 4.2;
				TARGETED_DEVICE_FAMILY = "1,2";
				TEST_HOST = "$(BUILT_PRODUCTS_DIR)/GithubRepoLists.app/GithubRepoLists";
			};
			name = Debug;
		};
		ED50468B22444316002CBAB8 /* Release */ = {
			isa = XCBuildConfiguration;
			baseConfigurationReference = A83A595355E86FE2CF18EBC2 /* Pods-GithubRepoListsTests.release.xcconfig */;
			buildSettings = {
				ALWAYS_EMBED_SWIFT_STANDARD_LIBRARIES = YES;
				BUNDLE_LOADER = "$(TEST_HOST)";
				CODE_SIGN_STYLE = Automatic;
				DEVELOPMENT_TEAM = ZXBK6BD56X;
				INFOPLIST_FILE = GithubRepoListsTests/Info.plist;
				LD_RUNPATH_SEARCH_PATHS = (
					"$(inherited)",
					"@executable_path/Frameworks",
					"@loader_path/Frameworks",
				);
				PRODUCT_BUNDLE_IDENTIFIER = M.GithubRepoListsTests;
				PRODUCT_NAME = "$(TARGET_NAME)";
				SWIFT_VERSION = 4.2;
				TARGETED_DEVICE_FAMILY = "1,2";
				TEST_HOST = "$(BUILT_PRODUCTS_DIR)/GithubRepoLists.app/GithubRepoLists";
			};
			name = Release;
		};
/* End XCBuildConfiguration section */

/* Begin XCConfigurationList section */
		ED50466422444314002CBAB8 /* Build configuration list for PBXProject "GithubRepoLists" */ = {
			isa = XCConfigurationList;
			buildConfigurations = (
				ED50468422444316002CBAB8 /* Debug */,
				ED50468522444316002CBAB8 /* Release */,
			);
			defaultConfigurationIsVisible = 0;
			defaultConfigurationName = Release;
		};
		ED50468622444316002CBAB8 /* Build configuration list for PBXNativeTarget "GithubRepoLists" */ = {
			isa = XCConfigurationList;
			buildConfigurations = (
				ED50468722444316002CBAB8 /* Debug */,
				ED50468822444316002CBAB8 /* Release */,
			);
			defaultConfigurationIsVisible = 0;
			defaultConfigurationName = Release;
		};
		ED50468922444316002CBAB8 /* Build configuration list for PBXNativeTarget "GithubRepoListsTests" */ = {
			isa = XCConfigurationList;
			buildConfigurations = (
				ED50468A22444316002CBAB8 /* Debug */,
				ED50468B22444316002CBAB8 /* Release */,
			);
			defaultConfigurationIsVisible = 0;
			defaultConfigurationName = Release;
		};
/* End XCConfigurationList section */
	};
	rootObject = ED50466122444314002CBAB8 /* Project object */;
}
